
Microsoft Visual Studio Solution File, Format Version 12.00
# Visual Studio Version 18
VisualStudioVersion = 18.5.11723.231 stable
MinimumVisualStudioVersion = 10.0.40219.1
Project("{FAE04EC0-301F-11D3-BF4B-00C04F79EFBC}") = "System", "System.csproj", "{F45EA8E7-310E-4372-AA3A-61D46A905C98}"
EndProject
Global
	GlobalSection(SolutionConfigurationPlatforms) = preSolution
		Debug|Any CPU = Debug|Any CPU
		Release|Any CPU = Release|Any CPU
	EndGlobalSection
	GlobalSection(ProjectConfigurationPlatforms) = postSolution
		{F45EA8E7-310E-4372-AA3A-61D46A905C98}.Debug|Any CPU.ActiveCfg = Debug|Any CPU
		{F45EA8E7-310E-4372-AA3A-61D46A905C98}.Debug|Any CPU.Build.0 = Debug|Any CPU
		{F45EA8E7-310E-4372-AA3A-61D46A905C98}.Release|Any CPU.ActiveCfg = Release|Any CPU
		{F45EA8E7-310E-4372-AA3A-61D46A905C98}.Release|Any CPU.Build.0 = Release|Any CPU
	EndGlobalSection
	GlobalSection(SolutionProperties) = preSolution
		HideSolutionNode = FALSE
	EndGlobalSection
	GlobalSection(ExtensibilityGlobals) = postSolution
		SolutionGuid = {4D84002A-39CF-46C8-AAF3-F9E86C245E9E}
	EndGlobalSection
EndGlobal
